{
  "version": 4,
  "terraform_version": "1.8.4",
  "serial": 124,
  "lineage": "457b0d26-799b-6152-42c3-382bd7daa54f",
  "outputs": {},
  "resources": [
    {
      "mode": "data",
      "type": "archive_file",
      "name": "lambda_layer_archive",
      "provider": "provider[\"registry.terraform.io/hashicorp/archive\"]",
      "instances": [
        {
          "schema_version": 0,
          "attributes": {
            "exclude_symlink_directories": null,
            "excludes": null,
            "id": "9f1e1ec14e3ad3566ad3f79dbe7b847259b3fb75",
            "output_base64sha256": "qx3hATdCkdefIx8F6BUelDnuxtTcn1ZFzQZM5+KKKaQ=",
            "output_base64sha512": "ejvynSi9vv6qVGT/n5dQrWwlRRNbi9W0P8tfZlv7/V9gmoo+IuKt4g53GHG5Ai9/GmUbQ4B1zY/D7NpUoyOIqQ==",
            "output_file_mode": null,
            "output_md5": "362d2b32df8b5381605024b6cd58cf92",
            "output_path": "./lambda_layer_payload.zip",
            "output_sha": "9f1e1ec14e3ad3566ad3f79dbe7b847259b3fb75",
            "output_sha256": "ab1de101374291d79f231f05e8151e9439eec6d4dc9f5645cd064ce7e28a29a4",
            "output_sha512": "7a3bf29d28bdbefeaa5464ff9f9750ad6c2545135b8bd5b43fcb5f665bfbfd5f609a8a3e22e2ade20e771871b9022f7f1a651b438075cd8fc3ecda54a32388a9",
            "output_size": 8587705,
            "source": [],
            "source_content": null,
            "source_content_filename": null,
            "source_dir": "../build",
            "source_file": null,
            "type": "zip"
          },
          "sensitive_attributes": []
        }
      ]
    },
    {
      "mode": "managed",
      "type": "aws_lambda_layer_version",
      "name": "lambda_layer",
      "provider": "provider[\"registry.terraform.io/hashicorp/aws\"]",
      "instances": [
        {
          "schema_version": 0,
          "attributes": {
            "arn": "arn:aws:lambda:ap-southeast-2:975050098174:layer:rustProxy_layer:41",
            "code_sha256": "qx3hATdCkdefIx8F6BUelDnuxtTcn1ZFzQZM5+KKKaQ=",
            "compatible_architectures": [
              "arm64",
              "x86_64"
            ],
            "compatible_runtimes": [
              "nodejs20.x"
            ],
            "created_date": "2024-07-02T13:29:56.427+0000",
            "description": "",
            "filename": "lambda_layer_payload.zip",
            "id": "arn:aws:lambda:ap-southeast-2:975050098174:layer:rustProxy_layer:41",
            "layer_arn": "arn:aws:lambda:ap-southeast-2:975050098174:layer:rustProxy_layer",
            "layer_name": "rustProxy_layer",
            "license_info": "",
            "s3_bucket": null,
            "s3_key": null,
            "s3_object_version": null,
            "signing_job_arn": "",
            "signing_profile_version_arn": "",
            "skip_destroy": false,
            "source_code_hash": "qx3hATdCkdefIx8F6BUelDnuxtTcn1ZFzQZM5+KKKaQ=",
            "source_code_size": 8587705,
            "version": "41"
          },
          "sensitive_attributes": [],
          "private": "bnVsbA==",
          "dependencies": [
            "data.archive_file.lambda_layer_archive"
          ]
        }
      ]
    }
  ],
  "check_results": null
}
